
Microsoft Visual Studio Solution File, Format Version 12.00
# Visual Studio Version 16
VisualStudioVersion = 16.0.30523.141
MinimumVisualStudioVersion = 10.0.40219.1
Project("{FAE04EC0-301F-11D3-BF4B-00C04F79EFBC}") = "Chiperi_Geanina_Lab2", "Chiperi_Geanina_Lab2.csproj", "{1006188E-2A12-4EDD-92FA-18555967C474}"
EndProject
Global
	GlobalSection(SolutionConfigurationPlatforms) = preSolution
		Debug|Any CPU = Debug|Any CPU
		Release|Any CPU = Release|Any CPU
	EndGlobalSection
	GlobalSection(ProjectConfigurationPlatforms) = postSolution
		{1006188E-2A12-4EDD-92FA-18555967C474}.Debug|Any CPU.ActiveCfg = Debug|Any CPU
		{1006188E-2A12-4EDD-92FA-18555967C474}.Debug|Any CPU.Build.0 = Debug|Any CPU
		{1006188E-2A12-4EDD-92FA-18555967C474}.Release|Any CPU.ActiveCfg = Release|Any CPU
		{1006188E-2A12-4EDD-92FA-18555967C474}.Release|Any CPU.Build.0 = Release|Any CPU
	EndGlobalSection
	GlobalSection(SolutionProperties) = preSolution
		HideSolutionNode = FALSE
	EndGlobalSection
	GlobalSection(ExtensibilityGlobals) = postSolution
		SolutionGuid = {7254ED03-A95F-4075-BBEA-21BA08400FEF}
	EndGlobalSection
EndGlobal
